// !$*UTF8*$!
{
	archiveVersion = 1;
	classes = {
	};
	objectVersion = 56;
	objects = {

/* Begin PBXBuildFile section */
		334BB6052A6F63910025CA39 /* Color+Extension.swift in Sources */ = {isa = PBXBuildFile; fileRef = 334BB6042A6F63910025CA39 /* Color+Extension.swift */; };
		334BB60F2A6F63B80025CA39 /* ProfileView.swift in Sources */ = {isa = PBXBuildFile; fileRef = 334BB6072A6F63B80025CA39 /* ProfileView.swift */; };
		334BB6102A6F63B80025CA39 /* TabBarItem.swift in Sources */ = {isa = PBXBuildFile; fileRef = 334BB6092A6F63B80025CA39 /* TabBarItem.swift */; };
		334BB6112A6F63B80025CA39 /* CustomTabBar.swift in Sources */ = {isa = PBXBuildFile; fileRef = 334BB60A2A6F63B80025CA39 /* CustomTabBar.swift */; };
		334BB6132A6F63B80025CA39 /* RootView.swift in Sources */ = {isa = PBXBuildFile; fileRef = 334BB60C2A6F63B80025CA39 /* RootView.swift */; };
		334BB6142A6F63B80025CA39 /* ActivityView.swift in Sources */ = {isa = PBXBuildFile; fileRef = 334BB60D2A6F63B80025CA39 /* ActivityView.swift */; };
		334BB6152A6F63B80025CA39 /* RanksView.swift in Sources */ = {isa = PBXBuildFile; fileRef = 334BB60E2A6F63B80025CA39 /* RanksView.swift */; };
		33FE8F532A710AD7002F91F8 /* ActivitySummaryView.swift in Sources */ = {isa = PBXBuildFile; fileRef = 33FE8F522A710AD7002F91F8 /* ActivitySummaryView.swift */; };
		33FE8F552A710B5B002F91F8 /* AchievementListView.swift in Sources */ = {isa = PBXBuildFile; fileRef = 33FE8F542A710B5B002F91F8 /* AchievementListView.swift */; };
		CC9F35642A6D1CC000AB2EC1 /* CleantifyApp.swift in Sources */ = {isa = PBXBuildFile; fileRef = CC9F35632A6D1CC000AB2EC1 /* CleantifyApp.swift */; };
		CC9F35662A6D1CC000AB2EC1 /* StartView.swift in Sources */ = {isa = PBXBuildFile; fileRef = CC9F35652A6D1CC000AB2EC1 /* StartView.swift */; };
		CC9F35682A6D1CC000AB2EC1 /* Assets.xcassets in Resources */ = {isa = PBXBuildFile; fileRef = CC9F35672A6D1CC000AB2EC1 /* Assets.xcassets */; };
		CC9F356B2A6D1CC000AB2EC1 /* Preview Assets.xcassets in Resources */ = {isa = PBXBuildFile; fileRef = CC9F356A2A6D1CC000AB2EC1 /* Preview Assets.xcassets */; };
		CC9F35712A6D1CC000AB2EC1 /* Cleantify Watch App.app in Embed Watch Content */ = {isa = PBXBuildFile; fileRef = CC9F35702A6D1CC000AB2EC1 /* Cleantify Watch App.app */; settings = {ATTRIBUTES = (RemoveHeadersOnCopy, ); }; };
		CC9F35762A6D1CC000AB2EC1 /* CleantifyApp.swift in Sources */ = {isa = PBXBuildFile; fileRef = CC9F35752A6D1CC000AB2EC1 /* CleantifyApp.swift */; };
		CC9F35782A6D1CC000AB2EC1 /* StartView.swift in Sources */ = {isa = PBXBuildFile; fileRef = CC9F35772A6D1CC000AB2EC1 /* StartView.swift */; };
		CC9F357A2A6D1CC100AB2EC1 /* Assets.xcassets in Resources */ = {isa = PBXBuildFile; fileRef = CC9F35792A6D1CC100AB2EC1 /* Assets.xcassets */; };
		CC9F357D2A6D1CC100AB2EC1 /* Preview Assets.xcassets in Resources */ = {isa = PBXBuildFile; fileRef = CC9F357C2A6D1CC100AB2EC1 /* Preview Assets.xcassets */; };
		CC9F35882A6D20C700AB2EC1 /* SessionPagingView.swift in Sources */ = {isa = PBXBuildFile; fileRef = CC9F35872A6D20C700AB2EC1 /* SessionPagingView.swift */; };
/* End PBXBuildFile section */

/* Begin PBXContainerItemProxy section */
		CC9F35722A6D1CC000AB2EC1 /* PBXContainerItemProxy */ = {
			isa = PBXContainerItemProxy;
			containerPortal = CC9F35582A6D1CBF00AB2EC1 /* Project object */;
			proxyType = 1;
			remoteGlobalIDString = CC9F356F2A6D1CC000AB2EC1;
			remoteInfo = "Cleantify Watch App";
		};
/* End PBXContainerItemProxy section */

/* Begin PBXCopyFilesBuildPhase section */
		CC9F35832A6D1CC100AB2EC1 /* Embed Watch Content */ = {
			isa = PBXCopyFilesBuildPhase;
			buildActionMask = 2147483647;
			dstPath = "$(CONTENTS_FOLDER_PATH)/Watch";
			dstSubfolderSpec = 16;
			files = (
				CC9F35712A6D1CC000AB2EC1 /* Cleantify Watch App.app in Embed Watch Content */,
			);
			name = "Embed Watch Content";
			runOnlyForDeploymentPostprocessing = 0;
		};
/* End PBXCopyFilesBuildPhase section */

/* Begin PBXFileReference section */
		334BB6042A6F63910025CA39 /* Color+Extension.swift */ = {isa = PBXFileReference; fileEncoding = 4; lastKnownFileType = sourcecode.swift; path = "Color+Extension.swift"; sourceTree = "<group>"; };
		334BB6072A6F63B80025CA39 /* ProfileView.swift */ = {isa = PBXFileReference; fileEncoding = 4; lastKnownFileType = sourcecode.swift; path = ProfileView.swift; sourceTree = "<group>"; };
		334BB6092A6F63B80025CA39 /* TabBarItem.swift */ = {isa = PBXFileReference; fileEncoding = 4; lastKnownFileType = sourcecode.swift; path = TabBarItem.swift; sourceTree = "<group>"; };
		334BB60A2A6F63B80025CA39 /* CustomTabBar.swift */ = {isa = PBXFileReference; fileEncoding = 4; lastKnownFileType = sourcecode.swift; path = CustomTabBar.swift; sourceTree = "<group>"; };
		334BB60C2A6F63B80025CA39 /* RootView.swift */ = {isa = PBXFileReference; fileEncoding = 4; lastKnownFileType = sourcecode.swift; path = RootView.swift; sourceTree = "<group>"; };
		334BB60D2A6F63B80025CA39 /* ActivityView.swift */ = {isa = PBXFileReference; fileEncoding = 4; lastKnownFileType = sourcecode.swift; path = ActivityView.swift; sourceTree = "<group>"; };
		334BB60E2A6F63B80025CA39 /* RanksView.swift */ = {isa = PBXFileReference; fileEncoding = 4; lastKnownFileType = sourcecode.swift; path = RanksView.swift; sourceTree = "<group>"; };
		33FE8F522A710AD7002F91F8 /* ActivitySummaryView.swift */ = {isa = PBXFileReference; fileEncoding = 4; lastKnownFileType = sourcecode.swift; path = ActivitySummaryView.swift; sourceTree = "<group>"; };
		33FE8F542A710B5B002F91F8 /* AchievementListView.swift */ = {isa = PBXFileReference; fileEncoding = 4; lastKnownFileType = sourcecode.swift; path = AchievementListView.swift; sourceTree = "<group>"; };
		CC9F35602A6D1CC000AB2EC1 /* Cleantify.app */ = {isa = PBXFileReference; explicitFileType = wrapper.application; includeInIndex = 0; path = Cleantify.app; sourceTree = BUILT_PRODUCTS_DIR; };
		CC9F35632A6D1CC000AB2EC1 /* CleantifyApp.swift */ = {isa = PBXFileReference; lastKnownFileType = sourcecode.swift; path = CleantifyApp.swift; sourceTree = "<group>"; };
		CC9F35652A6D1CC000AB2EC1 /* StartView.swift */ = {isa = PBXFileReference; lastKnownFileType = sourcecode.swift; path = StartView.swift; sourceTree = "<group>"; };
		CC9F35672A6D1CC000AB2EC1 /* Assets.xcassets */ = {isa = PBXFileReference; lastKnownFileType = folder.assetcatalog; path = Assets.xcassets; sourceTree = "<group>"; };
		CC9F356A2A6D1CC000AB2EC1 /* Preview Assets.xcassets */ = {isa = PBXFileReference; lastKnownFileType = folder.assetcatalog; path = "Preview Assets.xcassets"; sourceTree = "<group>"; };
		CC9F35702A6D1CC000AB2EC1 /* Cleantify Watch App.app */ = {isa = PBXFileReference; explicitFileType = wrapper.application; includeInIndex = 0; path = "Cleantify Watch App.app"; sourceTree = BUILT_PRODUCTS_DIR; };
		CC9F35752A6D1CC000AB2EC1 /* CleantifyApp.swift */ = {isa = PBXFileReference; lastKnownFileType = sourcecode.swift; path = CleantifyApp.swift; sourceTree = "<group>"; };
		CC9F35772A6D1CC000AB2EC1 /* StartView.swift */ = {isa = PBXFileReference; lastKnownFileType = sourcecode.swift; path = StartView.swift; sourceTree = "<group>"; };
		CC9F35792A6D1CC100AB2EC1 /* Assets.xcassets */ = {isa = PBXFileReference; lastKnownFileType = folder.assetcatalog; path = Assets.xcassets; sourceTree = "<group>"; };
		CC9F357C2A6D1CC100AB2EC1 /* Preview Assets.xcassets */ = {isa = PBXFileReference; lastKnownFileType = folder.assetcatalog; path = "Preview Assets.xcassets"; sourceTree = "<group>"; };
		CC9F35872A6D20C700AB2EC1 /* SessionPagingView.swift */ = {isa = PBXFileReference; lastKnownFileType = sourcecode.swift; path = SessionPagingView.swift; sourceTree = "<group>"; };
/* End PBXFileReference section */

/* Begin PBXFrameworksBuildPhase section */
		CC9F355D2A6D1CC000AB2EC1 /* Frameworks */ = {
			isa = PBXFrameworksBuildPhase;
			buildActionMask = 2147483647;
			files = (
			);
			runOnlyForDeploymentPostprocessing = 0;
		};
		CC9F356D2A6D1CC000AB2EC1 /* Frameworks */ = {
			isa = PBXFrameworksBuildPhase;
			buildActionMask = 2147483647;
			files = (
			);
			runOnlyForDeploymentPostprocessing = 0;
		};
/* End PBXFrameworksBuildPhase section */

/* Begin PBXGroup section */
		334BB6062A6F63B80025CA39 /* Views */ = {
			isa = PBXGroup;
			children = (
				334BB6172A6F63EA0025CA39 /* Activity */,
				334BB6182A6F63F90025CA39 /* Ranks */,
				334BB6162A6F63D30025CA39 /* Profile */,
				334BB6082A6F63B80025CA39 /* Custom Tab Bar */,
				334BB60C2A6F63B80025CA39 /* RootView.swift */,
			);
			path = Views;
			sourceTree = "<group>";
		};
		334BB6082A6F63B80025CA39 /* Custom Tab Bar */ = {
			isa = PBXGroup;
			children = (
				334BB6092A6F63B80025CA39 /* TabBarItem.swift */,
				334BB60A2A6F63B80025CA39 /* CustomTabBar.swift */,
			);
			path = "Custom Tab Bar";
			sourceTree = "<group>";
		};
		334BB6162A6F63D30025CA39 /* Profile */ = {
			isa = PBXGroup;
			children = (
				334BB6072A6F63B80025CA39 /* ProfileView.swift */,
				33FE8F542A710B5B002F91F8 /* AchievementListView.swift */,
			);
			path = Profile;
			sourceTree = "<group>";
		};
		334BB6172A6F63EA0025CA39 /* Activity */ = {
			isa = PBXGroup;
			children = (
				334BB60D2A6F63B80025CA39 /* ActivityView.swift */,
				33FE8F522A710AD7002F91F8 /* ActivitySummaryView.swift */,
			);
			path = Activity;
			sourceTree = "<group>";
		};
		334BB6182A6F63F90025CA39 /* Ranks */ = {
			isa = PBXGroup;
			children = (
				334BB60E2A6F63B80025CA39 /* RanksView.swift */,
			);
			path = Ranks;
			sourceTree = "<group>";
		};
		334BB6192A6F642E0025CA39 /* Extensions */ = {
			isa = PBXGroup;
			children = (
				334BB6042A6F63910025CA39 /* Color+Extension.swift */,
			);
			path = Extensions;
			sourceTree = "<group>";
		};
		CC9F35572A6D1CBF00AB2EC1 = {
			isa = PBXGroup;
			children = (
				CC9F35622A6D1CC000AB2EC1 /* Cleantify */,
				CC9F35742A6D1CC000AB2EC1 /* Cleantify Watch App */,
				CC9F35612A6D1CC000AB2EC1 /* Products */,
			);
			sourceTree = "<group>";
		};
		CC9F35612A6D1CC000AB2EC1 /* Products */ = {
			isa = PBXGroup;
			children = (
				CC9F35602A6D1CC000AB2EC1 /* Cleantify.app */,
				CC9F35702A6D1CC000AB2EC1 /* Cleantify Watch App.app */,
			);
			name = Products;
			sourceTree = "<group>";
		};
		CC9F35622A6D1CC000AB2EC1 /* Cleantify */ = {
			isa = PBXGroup;
			children = (
				CC9F35632A6D1CC000AB2EC1 /* CleantifyApp.swift */,
				334BB6192A6F642E0025CA39 /* Extensions */,
				CC9F35652A6D1CC000AB2EC1 /* StartView.swift */,
				334BB6062A6F63B80025CA39 /* Views */,
				CC9F35672A6D1CC000AB2EC1 /* Assets.xcassets */,
				CC9F35692A6D1CC000AB2EC1 /* Preview Content */,
			);
			path = Cleantify;
			sourceTree = "<group>";
		};
		CC9F35692A6D1CC000AB2EC1 /* Preview Content */ = {
			isa = PBXGroup;
			children = (
				CC9F356A2A6D1CC000AB2EC1 /* Preview Assets.xcassets */,
			);
			path = "Preview Content";
			sourceTree = "<group>";
		};
		CC9F35742A6D1CC000AB2EC1 /* Cleantify Watch App */ = {
			isa = PBXGroup;
			children = (
				CC9F35872A6D20C700AB2EC1 /* SessionPagingView.swift */,
				CC9F35752A6D1CC000AB2EC1 /* CleantifyApp.swift */,
				CC9F35772A6D1CC000AB2EC1 /* StartView.swift */,
				CC9F35792A6D1CC100AB2EC1 /* Assets.xcassets */,
				CC9F357B2A6D1CC100AB2EC1 /* Preview Content */,
			);
			path = "Cleantify Watch App";
			sourceTree = "<group>";
		};
		CC9F357B2A6D1CC100AB2EC1 /* Preview Content */ = {
			isa = PBXGroup;
			children = (
				CC9F357C2A6D1CC100AB2EC1 /* Preview Assets.xcassets */,
			);
			path = "Preview Content";
			sourceTree = "<group>";
		};
/* End PBXGroup section */

/* Begin PBXNativeTarget section */
		CC9F355F2A6D1CC000AB2EC1 /* Cleantify */ = {
			isa = PBXNativeTarget;
			buildConfigurationList = CC9F35842A6D1CC100AB2EC1 /* Build configuration list for PBXNativeTarget "Cleantify" */;
			buildPhases = (
				CC9F355C2A6D1CC000AB2EC1 /* Sources */,
				CC9F355D2A6D1CC000AB2EC1 /* Frameworks */,
				CC9F355E2A6D1CC000AB2EC1 /* Resources */,
				CC9F35832A6D1CC100AB2EC1 /* Embed Watch Content */,
			);
			buildRules = (
			);
			dependencies = (
				CC9F35732A6D1CC000AB2EC1 /* PBXTargetDependency */,
			);
			name = Cleantify;
			productName = Cleantify;
			productReference = CC9F35602A6D1CC000AB2EC1 /* Cleantify.app */;
			productType = "com.apple.product-type.application";
		};
		CC9F356F2A6D1CC000AB2EC1 /* Cleantify Watch App */ = {
			isa = PBXNativeTarget;
			buildConfigurationList = CC9F35802A6D1CC100AB2EC1 /* Build configuration list for PBXNativeTarget "Cleantify Watch App" */;
			buildPhases = (
				CC9F356C2A6D1CC000AB2EC1 /* Sources */,
				CC9F356D2A6D1CC000AB2EC1 /* Frameworks */,
				CC9F356E2A6D1CC000AB2EC1 /* Resources */,
			);
			buildRules = (
			);
			dependencies = (
			);
			name = "Cleantify Watch App";
			productName = "Cleantify Watch App";
			productReference = CC9F35702A6D1CC000AB2EC1 /* Cleantify Watch App.app */;
			productType = "com.apple.product-type.application";
		};
/* End PBXNativeTarget section */

/* Begin PBXProject section */
		CC9F35582A6D1CBF00AB2EC1 /* Project object */ = {
			isa = PBXProject;
			attributes = {
				BuildIndependentTargetsInParallel = 1;
				LastSwiftUpdateCheck = 1430;
				LastUpgradeCheck = 1430;
				TargetAttributes = {
					CC9F355F2A6D1CC000AB2EC1 = {
						CreatedOnToolsVersion = 14.3.1;
					};
					CC9F356F2A6D1CC000AB2EC1 = {
						CreatedOnToolsVersion = 14.3.1;
					};
				};
			};
			buildConfigurationList = CC9F355B2A6D1CBF00AB2EC1 /* Build configuration list for PBXProject "Cleantify" */;
			compatibilityVersion = "Xcode 14.0";
			developmentRegion = en;
			hasScannedForEncodings = 0;
			knownRegions = (
				en,
				Base,
			);
			mainGroup = CC9F35572A6D1CBF00AB2EC1;
			productRefGroup = CC9F35612A6D1CC000AB2EC1 /* Products */;
			projectDirPath = "";
			projectRoot = "";
			targets = (
				CC9F355F2A6D1CC000AB2EC1 /* Cleantify */,
				CC9F356F2A6D1CC000AB2EC1 /* Cleantify Watch App */,
			);
		};
/* End PBXProject section */

/* Begin PBXResourcesBuildPhase section */
		CC9F355E2A6D1CC000AB2EC1 /* Resources */ = {
			isa = PBXResourcesBuildPhase;
			buildActionMask = 2147483647;
			files = (
				CC9F356B2A6D1CC000AB2EC1 /* Preview Assets.xcassets in Resources */,
				CC9F35682A6D1CC000AB2EC1 /* Assets.xcassets in Resources */,
			);
			runOnlyForDeploymentPostprocessing = 0;
		};
		CC9F356E2A6D1CC000AB2EC1 /* Resources */ = {
			isa = PBXResourcesBuildPhase;
			buildActionMask = 2147483647;
			files = (
				CC9F357D2A6D1CC100AB2EC1 /* Preview Assets.xcassets in Resources */,
				CC9F357A2A6D1CC100AB2EC1 /* Assets.xcassets in Resources */,
			);
			runOnlyForDeploymentPostprocessing = 0;
		};
/* End PBXResourcesBuildPhase section */

/* Begin PBXSourcesBuildPhase section */
		CC9F355C2A6D1CC000AB2EC1 /* Sources */ = {
			isa = PBXSourcesBuildPhase;
			buildActionMask = 2147483647;
			files = (
				334BB6152A6F63B80025CA39 /* RanksView.swift in Sources */,
				334BB6132A6F63B80025CA39 /* RootView.swift in Sources */,
				33FE8F532A710AD7002F91F8 /* ActivitySummaryView.swift in Sources */,
				334BB60F2A6F63B80025CA39 /* ProfileView.swift in Sources */,
				CC9F35662A6D1CC000AB2EC1 /* StartView.swift in Sources */,
				33FE8F552A710B5B002F91F8 /* AchievementListView.swift in Sources */,
				334BB6102A6F63B80025CA39 /* TabBarItem.swift in Sources */,
				334BB6052A6F63910025CA39 /* Color+Extension.swift in Sources */,
				334BB6142A6F63B80025CA39 /* ActivityView.swift in Sources */,
				334BB6112A6F63B80025CA39 /* CustomTabBar.swift in Sources */,
				CC9F35642A6D1CC000AB2EC1 /* CleantifyApp.swift in Sources */,
			);
			runOnlyForDeploymentPostprocessing = 0;
		};
		CC9F356C2A6D1CC000AB2EC1 /* Sources */ = {
			isa = PBXSourcesBuildPhase;
			buildActionMask = 2147483647;
			files = (
				CC9F35782A6D1CC000AB2EC1 /* StartView.swift in Sources */,
				CC9F35762A6D1CC000AB2EC1 /* CleantifyApp.swift in Sources */,
				CC9F35882A6D20C700AB2EC1 /* SessionPagingView.swift in Sources */,
			);
			runOnlyForDeploymentPostprocessing = 0;
		};
/* End PBXSourcesBuildPhase section */

/* Begin PBXTargetDependency section */
		CC9F35732A6D1CC000AB2EC1 /* PBXTargetDependency */ = {
			isa = PBXTargetDependency;
			target = CC9F356F2A6D1CC000AB2EC1 /* Cleantify Watch App */;
			targetProxy = CC9F35722A6D1CC000AB2EC1 /* PBXContainerItemProxy */;
		};
/* End PBXTargetDependency section */

/* Begin XCBuildConfiguration section */
		CC9F357E2A6D1CC100AB2EC1 /* Debug */ = {
			isa = XCBuildConfiguration;
			buildSettings = {
				ALWAYS_SEARCH_USER_PATHS = NO;
				CLANG_ANALYZER_NONNULL = YES;
				CLANG_ANALYZER_NUMBER_OBJECT_CONVERSION = YES_AGGRESSIVE;
				CLANG_CXX_LANGUAGE_STANDARD = "gnu++20";
				CLANG_ENABLE_MODULES = YES;
				CLANG_ENABLE_OBJC_ARC = YES;
				CLANG_ENABLE_OBJC_WEAK = YES;
				CLANG_WARN_BLOCK_CAPTURE_AUTORELEASING = YES;
				CLANG_WARN_BOOL_CONVERSION = YES;
				CLANG_WARN_COMMA = YES;
				CLANG_WARN_CONSTANT_CONVERSION = YES;
				CLANG_WARN_DEPRECATED_OBJC_IMPLEMENTATIONS = YES;
				CLANG_WARN_DIRECT_OBJC_ISA_USAGE = YES_ERROR;
				CLANG_WARN_DOCUMENTATION_COMMENTS = YES;
				CLANG_WARN_EMPTY_BODY = YES;
				CLANG_WARN_ENUM_CONVERSION = YES;
				CLANG_WARN_INFINITE_RECURSION = YES;
				CLANG_WARN_INT_CONVERSION = YES;
				CLANG_WARN_NON_LITERAL_NULL_CONVERSION = YES;
				CLANG_WARN_OBJC_IMPLICIT_RETAIN_SELF = YES;
				CLANG_WARN_OBJC_LITERAL_CONVERSION = YES;
				CLANG_WARN_OBJC_ROOT_CLASS = YES_ERROR;
				CLANG_WARN_QUOTED_INCLUDE_IN_FRAMEWORK_HEADER = YES;
				CLANG_WARN_RANGE_LOOP_ANALYSIS = YES;
				CLANG_WARN_STRICT_PROTOTYPES = YES;
				CLANG_WARN_SUSPICIOUS_MOVE = YES;
				CLANG_WARN_UNGUARDED_AVAILABILITY = YES_AGGRESSIVE;
				CLANG_WARN_UNREACHABLE_CODE = YES;
				CLANG_WARN__DUPLICATE_METHOD_MATCH = YES;
				COPY_PHASE_STRIP = NO;
				DEBUG_INFORMATION_FORMAT = dwarf;
				ENABLE_STRICT_OBJC_MSGSEND = YES;
				ENABLE_TESTABILITY = YES;
				GCC_C_LANGUAGE_STANDARD = gnu11;
				GCC_DYNAMIC_NO_PIC = NO;
				GCC_NO_COMMON_BLOCKS = YES;
				GCC_OPTIMIZATION_LEVEL = 0;
				GCC_PREPROCESSOR_DEFINITIONS = (
					"DEBUG=1",
					"$(inherited)",
				);
				GCC_WARN_64_TO_32_BIT_CONVERSION = YES;
				GCC_WARN_ABOUT_RETURN_TYPE = YES_ERROR;
				GCC_WARN_UNDECLARED_SELECTOR = YES;
				GCC_WARN_UNINITIALIZED_AUTOS = YES_AGGRESSIVE;
				GCC_WARN_UNUSED_FUNCTION = YES;
				GCC_WARN_UNUSED_VARIABLE = YES;
				MTL_ENABLE_DEBUG_INFO = INCLUDE_SOURCE;
				MTL_FAST_MATH = YES;
				ONLY_ACTIVE_ARCH = YES;
				SWIFT_ACTIVE_COMPILATION_CONDITIONS = DEBUG;
				SWIFT_OPTIMIZATION_LEVEL = "-Onone";
			};
			name = Debug;
		};
		CC9F357F2A6D1CC100AB2EC1 /* Release */ = {
			isa = XCBuildConfiguration;
			buildSettings = {
				ALWAYS_SEARCH_USER_PATHS = NO;
				CLANG_ANALYZER_NONNULL = YES;
				CLANG_ANALYZER_NUMBER_OBJECT_CONVERSION = YES_AGGRESSIVE;
				CLANG_CXX_LANGUAGE_STANDARD = "gnu++20";
				CLANG_ENABLE_MODULES = YES;
				CLANG_ENABLE_OBJC_ARC = YES;
				CLANG_ENABLE_OBJC_WEAK = YES;
				CLANG_WARN_BLOCK_CAPTURE_AUTORELEASING = YES;
				CLANG_WARN_BOOL_CONVERSION = YES;
				CLANG_WARN_COMMA = YES;
				CLANG_WARN_CONSTANT_CONVERSION = YES;
				CLANG_WARN_DEPRECATED_OBJC_IMPLEMENTATIONS = YES;
				CLANG_WARN_DIRECT_OBJC_ISA_USAGE = YES_ERROR;
				CLANG_WARN_DOCUMENTATION_COMMENTS = YES;
				CLANG_WARN_EMPTY_BODY = YES;
				CLANG_WARN_ENUM_CONVERSION = YES;
				CLANG_WARN_INFINITE_RECURSION = YES;
				CLANG_WARN_INT_CONVERSION = YES;
				CLANG_WARN_NON_LITERAL_NULL_CONVERSION = YES;
				CLANG_WARN_OBJC_IMPLICIT_RETAIN_SELF = YES;
				CLANG_WARN_OBJC_LITERAL_CONVERSION = YES;
				CLANG_WARN_OBJC_ROOT_CLASS = YES_ERROR;
				CLANG_WARN_QUOTED_INCLUDE_IN_FRAMEWORK_HEADER = YES;
				CLANG_WARN_RANGE_LOOP_ANALYSIS = YES;
				CLANG_WARN_STRICT_PROTOTYPES = YES;
				CLANG_WARN_SUSPICIOUS_MOVE = YES;
				CLANG_WARN_UNGUARDED_AVAILABILITY = YES_AGGRESSIVE;
				CLANG_WARN_UNREACHABLE_CODE = YES;
				CLANG_WARN__DUPLICATE_METHOD_MATCH = YES;
				COPY_PHASE_STRIP = NO;
				DEBUG_INFORMATION_FORMAT = "dwarf-with-dsym";
				ENABLE_NS_ASSERTIONS = NO;
				ENABLE_STRICT_OBJC_MSGSEND = YES;
				GCC_C_LANGUAGE_STANDARD = gnu11;
				GCC_NO_COMMON_BLOCKS = YES;
				GCC_WARN_64_TO_32_BIT_CONVERSION = YES;
				GCC_WARN_ABOUT_RETURN_TYPE = YES_ERROR;
				GCC_WARN_UNDECLARED_SELECTOR = YES;
				GCC_WARN_UNINITIALIZED_AUTOS = YES_AGGRESSIVE;
				GCC_WARN_UNUSED_FUNCTION = YES;
				GCC_WARN_UNUSED_VARIABLE = YES;
				MTL_ENABLE_DEBUG_INFO = NO;
				MTL_FAST_MATH = YES;
				SWIFT_COMPILATION_MODE = wholemodule;
				SWIFT_OPTIMIZATION_LEVEL = "-O";
			};
			name = Release;
		};
		CC9F35812A6D1CC100AB2EC1 /* Debug */ = {
			isa = XCBuildConfiguration;
			buildSettings = {
				ASSETCATALOG_COMPILER_APPICON_NAME = AppIcon;
				ASSETCATALOG_COMPILER_GLOBAL_ACCENT_COLOR_NAME = AccentColor;
				CODE_SIGN_STYLE = Automatic;
				CURRENT_PROJECT_VERSION = 1;
				DEVELOPMENT_ASSET_PATHS = "\"Cleantify Watch App/Preview Content\"";
				DEVELOPMENT_TEAM = MNPQBHRKTX;
				ENABLE_PREVIEWS = YES;
				GENERATE_INFOPLIST_FILE = YES;
				INFOPLIST_KEY_CFBundleDisplayName = Cleantify;
				INFOPLIST_KEY_UISupportedInterfaceOrientations = "UIInterfaceOrientationPortrait UIInterfaceOrientationPortraitUpsideDown";
				INFOPLIST_KEY_WKCompanionAppBundleIdentifier = ir.Cleantify;
				LD_RUNPATH_SEARCH_PATHS = (
					"$(inherited)",
					"@executable_path/Frameworks",
				);
				MARKETING_VERSION = 1.0;
				PRODUCT_BUNDLE_IDENTIFIER = ir.Cleantify.watchkitapp;
				PRODUCT_NAME = "$(TARGET_NAME)";
				SDKROOT = watchos;
				SKIP_INSTALL = YES;
				SWIFT_EMIT_LOC_STRINGS = YES;
				SWIFT_VERSION = 5.0;
				TARGETED_DEVICE_FAMILY = 4;
				WATCHOS_DEPLOYMENT_TARGET = 9.4;
			};
			name = Debug;
		};
		CC9F35822A6D1CC100AB2EC1 /* Release */ = {
			isa = XCBuildConfiguration;
			buildSettings = {
				ASSETCATALOG_COMPILER_APPICON_NAME = AppIcon;
				ASSETCATALOG_COMPILER_GLOBAL_ACCENT_COLOR_NAME = AccentColor;
				CODE_SIGN_STYLE = Automatic;
				CURRENT_PROJECT_VERSION = 1;
				DEVELOPMENT_ASSET_PATHS = "\"Cleantify Watch App/Preview Content\"";
				DEVELOPMENT_TEAM = MNPQBHRKTX;
				ENABLE_PREVIEWS = YES;
				GENERATE_INFOPLIST_FILE = YES;
				INFOPLIST_KEY_CFBundleDisplayName = Cleantify;
				INFOPLIST_KEY_UISupportedInterfaceOrientations = "UIInterfaceOrientationPortrait UIInterfaceOrientationPortraitUpsideDown";
				INFOPLIST_KEY_WKCompanionAppBundleIdentifier = ir.Cleantify;
				LD_RUNPATH_SEARCH_PATHS = (
					"$(inherited)",
					"@executable_path/Frameworks",
				);
				MARKETING_VERSION = 1.0;
				PRODUCT_BUNDLE_IDENTIFIER = ir.Cleantify.watchkitapp;
				PRODUCT_NAME = "$(TARGET_NAME)";
				SDKROOT = watchos;
				SKIP_INSTALL = YES;
				SWIFT_EMIT_LOC_STRINGS = YES;
				SWIFT_VERSION = 5.0;
				TARGETED_DEVICE_FAMILY = 4;
				VALIDATE_PRODUCT = YES;
				WATCHOS_DEPLOYMENT_TARGET = 9.4;
			};
			name = Release;
		};
		CC9F35852A6D1CC100AB2EC1 /* Debug */ = {
			isa = XCBuildConfiguration;
			buildSettings = {
				ALWAYS_EMBED_SWIFT_STANDARD_LIBRARIES = YES;
				ASSETCATALOG_COMPILER_APPICON_NAME = AppIcon;
				ASSETCATALOG_COMPILER_GLOBAL_ACCENT_COLOR_NAME = AccentColor;
				CODE_SIGN_STYLE = Automatic;
				CURRENT_PROJECT_VERSION = 1;
				DEVELOPMENT_ASSET_PATHS = "\"Cleantify/Preview Content\"";
				DEVELOPMENT_TEAM = MNPQBHRKTX;
				ENABLE_PREVIEWS = YES;
				GENERATE_INFOPLIST_FILE = YES;
				INFOPLIST_KEY_CFBundleDisplayName = Cleantify;
				INFOPLIST_KEY_UIApplicationSceneManifest_Generation = YES;
				INFOPLIST_KEY_UIApplicationSupportsIndirectInputEvents = YES;
				INFOPLIST_KEY_UILaunchScreen_Generation = YES;
				INFOPLIST_KEY_UISupportedInterfaceOrientations_iPad = "UIInterfaceOrientationPortrait UIInterfaceOrientationPortraitUpsideDown UIInterfaceOrientationLandscapeLeft UIInterfaceOrientationLandscapeRight";
				INFOPLIST_KEY_UISupportedInterfaceOrientations_iPhone = "UIInterfaceOrientationPortrait UIInterfaceOrientationLandscapeLeft UIInterfaceOrientationLandscapeRight";
				IPHONEOS_DEPLOYMENT_TARGET = 16.4;
				LD_RUNPATH_SEARCH_PATHS = (
					"$(inherited)",
					"@executable_path/Frameworks",
				);
				MARKETING_VERSION = 1.0;
				PRODUCT_BUNDLE_IDENTIFIER = ir.Cleantify;
				PRODUCT_NAME = "$(TARGET_NAME)";
				SDKROOT = iphoneos;
				SWIFT_EMIT_LOC_STRINGS = YES;
				SWIFT_VERSION = 5.0;
				TARGETED_DEVICE_FAMILY = "1,2";
			};
			name = Debug;
		};
		CC9F35862A6D1CC100AB2EC1 /* Release */ = {
			isa = XCBuildConfiguration;
			buildSettings = {
				ALWAYS_EMBED_SWIFT_STANDARD_LIBRARIES = YES;
				ASSETCATALOG_COMPILER_APPICON_NAME = AppIcon;
				ASSETCATALOG_COMPILER_GLOBAL_ACCENT_COLOR_NAME = AccentColor;
				CODE_SIGN_STYLE = Automatic;
				CURRENT_PROJECT_VERSION = 1;
				DEVELOPMENT_ASSET_PATHS = "\"Cleantify/Preview Content\"";
				DEVELOPMENT_TEAM = MNPQBHRKTX;
				ENABLE_PREVIEWS = YES;
				GENERATE_INFOPLIST_FILE = YES;
				INFOPLIST_KEY_CFBundleDisplayName = Cleantify;
				INFOPLIST_KEY_UIApplicationSceneManifest_Generation = YES;
				INFOPLIST_KEY_UIApplicationSupportsIndirectInputEvents = YES;
				INFOPLIST_KEY_UILaunchScreen_Generation = YES;
				INFOPLIST_KEY_UISupportedInterfaceOrientations_iPad = "UIInterfaceOrientationPortrait UIInterfaceOrientationPortraitUpsideDown UIInterfaceOrientationLandscapeLeft UIInterfaceOrientationLandscapeRight";
				INFOPLIST_KEY_UISupportedInterfaceOrientations_iPhone = "UIInterfaceOrientationPortrait UIInterfaceOrientationLandscapeLeft UIInterfaceOrientationLandscapeRight";
				IPHONEOS_DEPLOYMENT_TARGET = 16.4;
				LD_RUNPATH_SEARCH_PATHS = (
					"$(inherited)",
					"@executable_path/Frameworks",
				);
				MARKETING_VERSION = 1.0;
				PRODUCT_BUNDLE_IDENTIFIER = ir.Cleantify;
				PRODUCT_NAME = "$(TARGET_NAME)";
				SDKROOT = iphoneos;
				SWIFT_EMIT_LOC_STRINGS = YES;
				SWIFT_VERSION = 5.0;
				TARGETED_DEVICE_FAMILY = "1,2";
				VALIDATE_PRODUCT = YES;
			};
			name = Release;
		};
/* End XCBuildConfiguration section */

/* Begin XCConfigurationList section */
		CC9F355B2A6D1CBF00AB2EC1 /* Build configuration list for PBXProject "Cleantify" */ = {
			isa = XCConfigurationList;
			buildConfigurations = (
				CC9F357E2A6D1CC100AB2EC1 /* Debug */,
				CC9F357F2A6D1CC100AB2EC1 /* Release */,
			);
			defaultConfigurationIsVisible = 0;
			defaultConfigurationName = Release;
		};
		CC9F35802A6D1CC100AB2EC1 /* Build configuration list for PBXNativeTarget "Cleantify Watch App" */ = {
			isa = XCConfigurationList;
			buildConfigurations = (
				CC9F35812A6D1CC100AB2EC1 /* Debug */,
				CC9F35822A6D1CC100AB2EC1 /* Release */,
			);
			defaultConfigurationIsVisible = 0;
			defaultConfigurationName = Release;
		};
		CC9F35842A6D1CC100AB2EC1 /* Build configuration list for PBXNativeTarget "Cleantify" */ = {
			isa = XCConfigurationList;
			buildConfigurations = (
				CC9F35852A6D1CC100AB2EC1 /* Debug */,
				CC9F35862A6D1CC100AB2EC1 /* Release */,
			);
			defaultConfigurationIsVisible = 0;
			defaultConfigurationName = Release;
		};
/* End XCConfigurationList section */
	};
	rootObject = CC9F35582A6D1CBF00AB2EC1 /* Project object */;
}
